
Microsoft Visual Studio Solution File, Format Version 12.00
Project("{FAE04EC0-301F-11D3-BF4B-00C04F79EFBC}") = "Core", "Core\Core.csproj", "{A36472F5-E6E4-4822-ADA4-C5A63AF6E053}"
EndProject
Project("{FAE04EC0-301F-11D3-BF4B-00C04F79EFBC}") = "CLI", "CLI\CLI.csproj", "{4AB01D94-B8DE-4F60-AD02-D66311917298}"
EndProject
Project("{FAE04EC0-301F-11D3-BF4B-00C04F79EFBC}") = "Infrastructure", "Infrastructure\Infrastructure.csproj", "{94481275-95FC-45AE-BADB-32A201237159}"
EndProject
Project("{FAE04EC0-301F-11D3-BF4B-00C04F79EFBC}") = "Application", "Application\Application.csproj", "{6EFB3FCC-F562-448D-A94A-2C9C8274CCAA}"
EndProject
Project("{FAE04EC0-301F-11D3-BF4B-00C04F79EFBC}") = "Api", "Api\Api.csproj", "{30F41CB3-156B-4775-9C83-F69E4518C32D}"
EndProject
Global
	GlobalSection(SolutionConfigurationPlatforms) = preSolution
		Debug|Any CPU = Debug|Any CPU
		Release|Any CPU = Release|Any CPU
	EndGlobalSection
	GlobalSection(ProjectConfigurationPlatforms) = postSolution
		{A36472F5-E6E4-4822-ADA4-C5A63AF6E053}.Debug|Any CPU.ActiveCfg = Debug|Any CPU
		{A36472F5-E6E4-4822-ADA4-C5A63AF6E053}.Debug|Any CPU.Build.0 = Debug|Any CPU
		{A36472F5-E6E4-4822-ADA4-C5A63AF6E053}.Release|Any CPU.ActiveCfg = Release|Any CPU
		{A36472F5-E6E4-4822-ADA4-C5A63AF6E053}.Release|Any CPU.Build.0 = Release|Any CPU
		{4AB01D94-B8DE-4F60-AD02-D66311917298}.Debug|Any CPU.ActiveCfg = Debug|Any CPU
		{4AB01D94-B8DE-4F60-AD02-D66311917298}.Debug|Any CPU.Build.0 = Debug|Any CPU
		{4AB01D94-B8DE-4F60-AD02-D66311917298}.Release|Any CPU.ActiveCfg = Release|Any CPU
		{4AB01D94-B8DE-4F60-AD02-D66311917298}.Release|Any CPU.Build.0 = Release|Any CPU
		{94481275-95FC-45AE-BADB-32A201237159}.Debug|Any CPU.ActiveCfg = Debug|Any CPU
		{94481275-95FC-45AE-BADB-32A201237159}.Debug|Any CPU.Build.0 = Debug|Any CPU
		{94481275-95FC-45AE-BADB-32A201237159}.Release|Any CPU.ActiveCfg = Release|Any CPU
		{94481275-95FC-45AE-BADB-32A201237159}.Release|Any CPU.Build.0 = Release|Any CPU
		{6EFB3FCC-F562-448D-A94A-2C9C8274CCAA}.Debug|Any CPU.ActiveCfg = Debug|Any CPU
		{6EFB3FCC-F562-448D-A94A-2C9C8274CCAA}.Debug|Any CPU.Build.0 = Debug|Any CPU
		{6EFB3FCC-F562-448D-A94A-2C9C8274CCAA}.Release|Any CPU.ActiveCfg = Release|Any CPU
		{6EFB3FCC-F562-448D-A94A-2C9C8274CCAA}.Release|Any CPU.Build.0 = Release|Any CPU
		{30F41CB3-156B-4775-9C83-F69E4518C32D}.Debug|Any CPU.ActiveCfg = Debug|Any CPU
		{30F41CB3-156B-4775-9C83-F69E4518C32D}.Debug|Any CPU.Build.0 = Debug|Any CPU
		{30F41CB3-156B-4775-9C83-F69E4518C32D}.Release|Any CPU.ActiveCfg = Release|Any CPU
		{30F41CB3-156B-4775-9C83-F69E4518C32D}.Release|Any CPU.Build.0 = Release|Any CPU
	EndGlobalSection
EndGlobal
